// !$*UTF8*$!
{
	archiveVersion = 1;
	classes = {
	};
	objectVersion = 46;
	objects = {

/* Begin PBXBuildFile section */
		96CD7FB41D91E9F6006E051A /* AppDelegate.swift in Sources */ = {isa = PBXBuildFile; fileRef = 96CD7FB31D91E9F6006E051A /* AppDelegate.swift */; };
		96CD7FB61D91E9F6006E051A /* ViewController.swift in Sources */ = {isa = PBXBuildFile; fileRef = 96CD7FB51D91E9F6006E051A /* ViewController.swift */; };
		96CD7FB91D91E9F6006E051A /* Main.storyboard in Resources */ = {isa = PBXBuildFile; fileRef = 96CD7FB71D91E9F6006E051A /* Main.storyboard */; };
		96CD7FBB1D91E9F6006E051A /* Assets.xcassets in Resources */ = {isa = PBXBuildFile; fileRef = 96CD7FBA1D91E9F6006E051A /* Assets.xcassets */; };
		96CD7FBE1D91E9F6006E051A /* LaunchScreen.storyboard in Resources */ = {isa = PBXBuildFile; fileRef = 96CD7FBC1D91E9F6006E051A /* LaunchScreen.storyboard */; };
/* End PBXBuildFile section */

/* Begin PBXFileReference section */
		96CD7FB01D91E9F6006E051A /* testProject2.app */ = {isa = PBXFileReference; explicitFileType = wrapper.application; includeInIndex = 0; path = testProject2.app; sourceTree = BUILT_PRODUCTS_DIR; };
		96CD7FB31D91E9F6006E051A /* AppDelegate.swift */ = {isa = PBXFileReference; lastKnownFileType = sourcecode.swift; path = AppDelegate.swift; sourceTree = "<group>"; };
		96CD7FB51D91E9F6006E051A /* ViewController.swift */ = {isa = PBXFileReference; lastKnownFileType = sourcecode.swift; path = ViewController.swift; sourceTree = "<group>"; };
		96CD7FB81D91E9F6006E051A /* Base */ = {isa = PBXFileReference; lastKnownFileType = file.storyboard; name = Base; path = Base.lproj/Main.storyboard; sourceTree = "<group>"; };
		96CD7FBA1D91E9F6006E051A /* Assets.xcassets */ = {isa = PBXFileReference; lastKnownFileType = folder.assetcatalog; path = Assets.xcassets; sourceTree = "<group>"; };
		96CD7FBD1D91E9F6006E051A /* Base */ = {isa = PBXFileReference; lastKnownFileType = file.storyboard; name = Base; path = Base.lproj/LaunchScreen.storyboard; sourceTree = "<group>"; };
		96CD7FBF1D91E9F6006E051A /* Info.plist */ = {isa = PBXFileReference; lastKnownFileType = text.plist.xml; path = Info.plist; sourceTree = "<group>"; };
/* End PBXFileReference section */

/* Begin PBXFrameworksBuildPhase section */
		96CD7FAD1D91E9F6006E051A /* Frameworks */ = {
			isa = PBXFrameworksBuildPhase;
			buildActionMask = 2147483647;
			files = (
			);
			runOnlyForDeploymentPostprocessing = 0;
		};
/* End PBXFrameworksBuildPhase section */

/* Begin PBXGroup section */
		96CD7FA71D91E9F6006E051A = {
			isa = PBXGroup;
			children = (
				96CD7FB21D91E9F6006E051A /* testProject2 */,
				96CD7FB11D91E9F6006E051A /* Products */,
			);
			sourceTree = "<group>";
		};
		96CD7FB11D91E9F6006E051A /* Products */ = {
			isa = PBXGroup;
			children = (
				96CD7FB01D91E9F6006E051A /* testProject2.app */,
			);
			name = Products;
			sourceTree = "<group>";
		};
		96CD7FB21D91E9F6006E051A /* testProject2 */ = {
			isa = PBXGroup;
			children = (
				96CD7FB31D91E9F6006E051A /* AppDelegate.swift */,
				96CD7FB51D91E9F6006E051A /* ViewController.swift */,
				96CD7FB71D91E9F6006E051A /* Main.storyboard */,
				96CD7FBA1D91E9F6006E051A /* Assets.xcassets */,
				96CD7FBC1D91E9F6006E051A /* LaunchScreen.storyboard */,
				96CD7FBF1D91E9F6006E051A /* Info.plist */,
			);
			path = testProject2;
			sourceTree = "<group>";
		};
/* End PBXGroup section */

/* Begin PBXNativeTarget section */
		96CD7FAF1D91E9F6006E051A /* testProject2 */ = {
			isa = PBXNativeTarget;
			buildConfigurationList = 96CD7FC21D91E9F6006E051A /* Build configuration list for PBXNativeTarget "testProject2" */;
			buildPhases = (
				96CD7FAC1D91E9F6006E051A /* Sources */,
				96CD7FAD1D91E9F6006E051A /* Frameworks */,
				96CD7FAE1D91E9F6006E051A /* Resources */,
			);
			buildRules = (
			);
			dependencies = (
			);
			name = testProject2;
			productName = testProject2;
			productReference = 96CD7FB01D91E9F6006E051A /* testProject2.app */;
			productType = "com.apple.product-type.application";
		};
/* End PBXNativeTarget section */

/* Begin PBXProject section */
		96CD7FA81D91E9F6006E051A /* Project object */ = {
			isa = PBXProject;
			attributes = {
				LastSwiftUpdateCheck = 0800;
				LastUpgradeCheck = 0800;
				ORGANIZATIONNAME = "Jason Smith";
				TargetAttributes = {
					96CD7FAF1D91E9F6006E051A = {
						CreatedOnToolsVersion = 8.0;
						ProvisioningStyle = Automatic;
					};
				};
			};
			buildConfigurationList = 96CD7FAB1D91E9F6006E051A /* Build configuration list for PBXProject "testProject2" */;
			compatibilityVersion = "Xcode 3.2";
			developmentRegion = English;
			hasScannedForEncodings = 0;
			knownRegions = (
				en,
				Base,
			);
			mainGroup = 96CD7FA71D91E9F6006E051A;
			productRefGroup = 96CD7FB11D91E9F6006E051A /* Products */;
			projectDirPath = "";
			projectRoot = "";
			targets = (
				96CD7FAF1D91E9F6006E051A /* testProject2 */,
			);
		};
/* End PBXProject section */

/* Begin PBXResourcesBuildPhase section */
		96CD7FAE1D91E9F6006E051A /* Resources */ = {
			isa = PBXResourcesBuildPhase;
			buildActionMask = 2147483647;
			files = (
				96CD7FBE1D91E9F6006E051A /* LaunchScreen.storyboard in Resources */,
				96CD7FBB1D91E9F6006E051A /* Assets.xcassets in Resources */,
				96CD7FB91D91E9F6006E051A /* Main.storyboard in Resources */,
			);
			runOnlyForDeploymentPostprocessing = 0;
		};
/* End PBXResourcesBuildPhase section */

/* Begin PBXSourcesBuildPhase section */
		96CD7FAC1D91E9F6006E051A /* Sources */ = {
			isa = PBXSourcesBuildPhase;
			buildActionMask = 2147483647;
			files = (
				96CD7FB61D91E9F6006E051A /* ViewController.swift in Sources */,
				96CD7FB41D91E9F6006E051A /* AppDelegate.swift in Sources */,
			);
			runOnlyForDeploymentPostprocessing = 0;
		};
/* End PBXSourcesBuildPhase section */

/* Begin PBXVariantGroup section */
		96CD7FB71D91E9F6006E051A /* Main.storyboard */ = {
			isa = PBXVariantGroup;
			children = (
				96CD7FB81D91E9F6006E051A /* Base */,
			);
			name = Main.storyboard;
			sourceTree = "<group>";
		};
		96CD7FBC1D91E9F6006E051A /* LaunchScreen.storyboard */ = {
			isa = PBXVariantGroup;
			children = (
				96CD7FBD1D91E9F6006E051A /* Base */,
			);
			name = LaunchScreen.storyboard;
			sourceTree = "<group>";
		};
/* End PBXVariantGroup section */

/* Begin XCBuildConfiguration section */
		96CD7FC01D91E9F6006E051A /* Debug */ = {
			isa = XCBuildConfiguration;
			buildSettings = {
				ALWAYS_SEARCH_USER_PATHS = NO;
				CLANG_ANALYZER_NONNULL = YES;
				CLANG_CXX_LANGUAGE_STANDARD = "gnu++0x";
				CLANG_CXX_LIBRARY = "libc++";
				CLANG_ENABLE_MODULES = YES;
				CLANG_ENABLE_OBJC_ARC = YES;
				CLANG_WARN_BOOL_CONVERSION = YES;
				CLANG_WARN_CONSTANT_CONVERSION = YES;
				CLANG_WARN_DIRECT_OBJC_ISA_USAGE = YES_ERROR;
				CLANG_WARN_DOCUMENTATION_COMMENTS = YES;
				CLANG_WARN_EMPTY_BODY = YES;
				CLANG_WARN_ENUM_CONVERSION = YES;
				CLANG_WARN_INFINITE_RECURSION = YES;
				CLANG_WARN_INT_CONVERSION = YES;
				CLANG_WARN_OBJC_ROOT_CLASS = YES_ERROR;
				CLANG_WARN_SUSPICIOUS_MOVES = YES;
				CLANG_WARN_UNREACHABLE_CODE = YES;
				CLANG_WARN__DUPLICATE_METHOD_MATCH = YES;
				"CODE_SIGN_IDENTITY[sdk=iphoneos*]" = "iPhone Developer";
				COPY_PHASE_STRIP = NO;
				DEBUG_INFORMATION_FORMAT = dwarf;
				ENABLE_STRICT_OBJC_MSGSEND = YES;
				ENABLE_TESTABILITY = YES;
				GCC_C_LANGUAGE_STANDARD = gnu99;
				GCC_DYNAMIC_NO_PIC = NO;
				GCC_NO_COMMON_BLOCKS = YES;
				GCC_OPTIMIZATION_LEVEL = 0;
				GCC_PREPROCESSOR_DEFINITIONS = (
					"DEBUG=1",
					"$(inherited)",
				);
				GCC_WARN_64_TO_32_BIT_CONVERSION = YES;
				GCC_WARN_ABOUT_RETURN_TYPE = YES_ERROR;
				GCC_WARN_UNDECLARED_SELECTOR = YES;
				GCC_WARN_UNINITIALIZED_AUTOS = YES_AGGRESSIVE;
				GCC_WARN_UNUSED_FUNCTION = YES;
				GCC_WARN_UNUSED_VARIABLE = YES;
				IPHONEOS_DEPLOYMENT_TARGET = 10.0;
				MTL_ENABLE_DEBUG_INFO = YES;
				ONLY_ACTIVE_ARCH = YES;
				SDKROOT = iphoneos;
				SWIFT_ACTIVE_COMPILATION_CONDITIONS = DEBUG;
				SWIFT_OPTIMIZATION_LEVEL = "-Onone";
			};
			name = Debug;
		};
		96CD7FC11D91E9F6006E051A /* Release */ = {
			isa = XCBuildConfiguration;
			buildSettings = {
				ALWAYS_SEARCH_USER_PATHS = NO;
				CLANG_ANALYZER_NONNULL = YES;
				CLANG_CXX_LANGUAGE_STANDARD = "gnu++0x";
				CLANG_CXX_LIBRARY = "libc++";
				CLANG_ENABLE_MODULES = YES;
				CLANG_ENABLE_OBJC_ARC = YES;
				CLANG_WARN_BOOL_CONVERSION = YES;
				CLANG_WARN_CONSTANT_CONVERSION = YES;
				CLANG_WARN_DIRECT_OBJC_ISA_USAGE = YES_ERROR;
				CLANG_WARN_DOCUMENTATION_COMMENTS = YES;
				CLANG_WARN_EMPTY_BODY = YES;
				CLANG_WARN_ENUM_CONVERSION = YES;
				CLANG_WARN_INFINITE_RECURSION = YES;
				CLANG_WARN_INT_CONVERSION = YES;
				CLANG_WARN_OBJC_ROOT_CLASS = YES_ERROR;
				CLANG_WARN_SUSPICIOUS_MOVES = YES;
				CLANG_WARN_UNREACHABLE_CODE = YES;
				CLANG_WARN__DUPLICATE_METHOD_MATCH = YES;
				"CODE_SIGN_IDENTITY[sdk=iphoneos*]" = "iPhone Developer";
				COPY_PHASE_STRIP = NO;
				DEBUG_INFORMATION_FORMAT = "dwarf-with-dsym";
				ENABLE_NS_ASSERTIONS = NO;
				ENABLE_STRICT_OBJC_MSGSEND = YES;
				GCC_C_LANGUAGE_STANDARD = gnu99;
				GCC_NO_COMMON_BLOCKS = YES;
				GCC_WARN_64_TO_32_BIT_CONVERSION = YES;
				GCC_WARN_ABOUT_RETURN_TYPE = YES_ERROR;
				GCC_WARN_UNDECLARED_SELECTOR = YES;
				GCC_WARN_UNINITIALIZED_AUTOS = YES_AGGRESSIVE;
				GCC_WARN_UNUSED_FUNCTION = YES;
				GCC_WARN_UNUSED_VARIABLE = YES;
				IPHONEOS_DEPLOYMENT_TARGET = 10.0;
				MTL_ENABLE_DEBUG_INFO = NO;
				SDKROOT = iphoneos;
				SWIFT_OPTIMIZATION_LEVEL = "-Owholemodule";
				VALIDATE_PRODUCT = YES;
			};
			name = Release;
		};
		96CD7FC31D91E9F6006E051A /* Debug */ = {
			isa = XCBuildConfiguration;
			buildSettings = {
				ASSETCATALOG_COMPILER_APPICON_NAME = AppIcon;
				INFOPLIST_FILE = testProject2/Info.plist;
				LD_RUNPATH_SEARCH_PATHS = "$(inherited) @executable_path/Frameworks";
				PRODUCT_BUNDLE_IDENTIFIER = com.JSMobileDesigns.testProject2;
				PRODUCT_NAME = "$(TARGET_NAME)";
				SWIFT_VERSION = 3.0;
			};
			name = Debug;
		};
		96CD7FC41D91E9F6006E051A /* Release */ = {
			isa = XCBuildConfiguration;
			buildSettings = {
				ASSETCATALOG_COMPILER_APPICON_NAME = AppIcon;
				INFOPLIST_FILE = testProject2/Info.plist;
				LD_RUNPATH_SEARCH_PATHS = "$(inherited) @executable_path/Frameworks";
				PRODUCT_BUNDLE_IDENTIFIER = com.JSMobileDesigns.testProject2;
				PRODUCT_NAME = "$(TARGET_NAME)";
				SWIFT_VERSION = 3.0;
			};
			name = Release;
		};
/* End XCBuildConfiguration section */

/* Begin XCConfigurationList section */
		96CD7FAB1D91E9F6006E051A /* Build configuration list for PBXProject "testProject2" */ = {
			isa = XCConfigurationList;
			buildConfigurations = (
				96CD7FC01D91E9F6006E051A /* Debug */,
				96CD7FC11D91E9F6006E051A /* Release */,
			);
			defaultConfigurationIsVisible = 0;
			defaultConfigurationName = Release;
		};
		96CD7FC21D91E9F6006E051A /* Build configuration list for PBXNativeTarget "testProject2" */ = {
			isa = XCConfigurationList;
			buildConfigurations = (
				96CD7FC31D91E9F6006E051A /* Debug */,
				96CD7FC41D91E9F6006E051A /* Release */,
			);
			defaultConfigurationIsVisible = 0;
		};
/* End XCConfigurationList section */
	};
	rootObject = 96CD7FA81D91E9F6006E051A /* Project object */;
}
